
Microsoft Visual Studio Solution File, Format Version 12.00
# Visual Studio Version 16
VisualStudioVersion = 16.0.31911.196
MinimumVisualStudioVersion = 10.0.40219.1
Project("{FAE04EC0-301F-11D3-BF4B-00C04F79EFBC}") = "ExecInterface", "ExecInterface\ExecInterface.csproj", "{07DA3631-B029-406E-89E0-013440776C0A}"
EndProject
Global
	GlobalSection(SolutionConfigurationPlatforms) = preSolution
		Debug|Any CPU = Debug|Any CPU
		Release|Any CPU = Release|Any CPU
	EndGlobalSection
	GlobalSection(ProjectConfigurationPlatforms) = postSolution
		{07DA3631-B029-406E-89E0-013440776C0A}.Debug|Any CPU.ActiveCfg = Debug|Any CPU
		{07DA3631-B029-406E-89E0-013440776C0A}.Debug|Any CPU.Build.0 = Debug|Any CPU
		{07DA3631-B029-406E-89E0-013440776C0A}.Release|Any CPU.ActiveCfg = Release|Any CPU
		{07DA3631-B029-406E-89E0-013440776C0A}.Release|Any CPU.Build.0 = Release|Any CPU
	EndGlobalSection
	GlobalSection(SolutionProperties) = preSolution
		HideSolutionNode = FALSE
	EndGlobalSection
	GlobalSection(ExtensibilityGlobals) = postSolution
		SolutionGuid = {B2F293E2-8DDA-4502-B899-0FECB094D4D7}
	EndGlobalSection
EndGlobal
